
Microsoft Visual Studio Solution File, Format Version 12.00
# Visual Studio 2012
Project("{8BC9CEB8-8B4A-11D0-8D11-00A0C91BC942}") = "Core", "Core\Core.vcxproj", "{C9A3BB48-2286-4B10-841E-3CBF674DD261}"
EndProject
Project("{2150E333-8FDC-42A3-9474-1A3956D46DE8}") = "BA OIT Algorithms", "BA OIT Algorithms", "{8AC8D1A4-3009-479E-93F8-6ABE7D32BF18}"
EndProject
Project("{8BC9CEB8-8B4A-11D0-8D11-00A0C91BC942}") = "Logger Test", "Sample1\Sample1.vcxproj", "{82878C9B-FFEC-43B9-A9FD-AB0D46585101}"
EndProject
Project("{8BC9CEB8-8B4A-11D0-8D11-00A0C91BC942}") = "GLFW Window Test", "GLFW Window Test\GLFW Window Test.vcxproj", "{F147FDCA-5AA8-4758-BAAA-B397BF603DDC}"
EndProject
Project("{8BC9CEB8-8B4A-11D0-8D11-00A0C91BC942}") = "BA OGL Renderer", "BA OGL Renderer\BA OGL Renderer.vcxproj", "{DD26DBA6-5697-468F-80FA-9E8C56BC3E6B}"
EndProject
Project("{8BC9CEB8-8B4A-11D0-8D11-00A0C91BC942}") = "Quad Test", "Quad Test\Quad Test.vcxproj", "{7BEC8EBE-EC38-4B90-A0F2-0BC5A638924F}"
EndProject
Project("{8BC9CEB8-8B4A-11D0-8D11-00A0C91BC942}") = "Textures Test", "Textures Test\Textures Test.vcxproj", "{6D8F5A08-4D47-4219-8954-3C2D7AE709FD}"
EndProject
Project("{8BC9CEB8-8B4A-11D0-8D11-00A0C91BC942}") = "Framebuffer Test", "Framebuffer Test\Framebuffer Test.vcxproj", "{0EC6695C-4178-4FC9-9A0C-F82805D16E23}"
EndProject
Project("{8BC9CEB8-8B4A-11D0-8D11-00A0C91BC942}") = "Model Test", "Model Test\Model Test.vcxproj", "{59EC1EF2-C689-45B8-A34A-84A8E6080876}"
EndProject
Project("{2150E333-8FDC-42A3-9474-1A3956D46DE8}") = "Tests", "Tests", "{73A85A6B-9A96-4779-B9FC-98772F989476}"
EndProject
Project("{8BC9CEB8-8B4A-11D0-8D11-00A0C91BC942}") = "OIT OVER Depth Peeling", "OIT OVER Depth Peeling\OIT OVER Depth Peeling.vcxproj", "{D98357B7-205A-440D-AC0D-F96A49C9185F}"
EndProject
Project("{8BC9CEB8-8B4A-11D0-8D11-00A0C91BC942}") = "OIT Alpha To Coverage", "OIT Coverage\OIT Coverage.vcxproj", "{A860E685-B9DF-4E29-9F8C-516373D9F8CC}"
EndProject
Project("{8BC9CEB8-8B4A-11D0-8D11-00A0C91BC942}") = "OIT Weighted Sum", "OIT Weighted Sum\OIT Weighted Sum.vcxproj", "{B1850A30-6E56-45EC-A3F5-DB157199F4C7}"
EndProject
Project("{8BC9CEB8-8B4A-11D0-8D11-00A0C91BC942}") = "OIT Weighted Average", "OIT Weighted Average\OIT Weighted Average.vcxproj", "{ACF23B90-E703-4B71-9021-9E93B8EC55C2}"
EndProject
Project("{8BC9CEB8-8B4A-11D0-8D11-00A0C91BC942}") = "OIT New Coverage", "OIT New Coverage\OIT New Coverage.vcxproj", "{10D90A12-67AC-4094-9AD9-F0194504746B}"
EndProject
Project("{8BC9CEB8-8B4A-11D0-8D11-00A0C91BC942}") = "Squared Mean Error", "Squared Mean Error\Squared Mean Error.vcxproj", "{BC453295-CC84-49CF-8F85-0A2AB228FD49}"
EndProject
Project("{8BC9CEB8-8B4A-11D0-8D11-00A0C91BC942}") = "Difference Image", "Difference Image\Difference Image.vcxproj", "{ED4D2905-4CF3-4BBF-9F97-8557927B7E06}"
EndProject
Global
	GlobalSection(SolutionConfigurationPlatforms) = preSolution
		Debug|Win32 = Debug|Win32
		Release|Win32 = Release|Win32
	EndGlobalSection
	GlobalSection(ProjectConfigurationPlatforms) = postSolution
		{C9A3BB48-2286-4B10-841E-3CBF674DD261}.Debug|Win32.ActiveCfg = Debug|Win32
		{C9A3BB48-2286-4B10-841E-3CBF674DD261}.Debug|Win32.Build.0 = Debug|Win32
		{C9A3BB48-2286-4B10-841E-3CBF674DD261}.Release|Win32.ActiveCfg = Release|Win32
		{C9A3BB48-2286-4B10-841E-3CBF674DD261}.Release|Win32.Build.0 = Release|Win32
		{82878C9B-FFEC-43B9-A9FD-AB0D46585101}.Debug|Win32.ActiveCfg = Debug|Win32
		{82878C9B-FFEC-43B9-A9FD-AB0D46585101}.Debug|Win32.Build.0 = Debug|Win32
		{82878C9B-FFEC-43B9-A9FD-AB0D46585101}.Release|Win32.ActiveCfg = Release|Win32
		{82878C9B-FFEC-43B9-A9FD-AB0D46585101}.Release|Win32.Build.0 = Release|Win32
		{F147FDCA-5AA8-4758-BAAA-B397BF603DDC}.Debug|Win32.ActiveCfg = Debug|Win32
		{F147FDCA-5AA8-4758-BAAA-B397BF603DDC}.Debug|Win32.Build.0 = Debug|Win32
		{F147FDCA-5AA8-4758-BAAA-B397BF603DDC}.Release|Win32.ActiveCfg = Release|Win32
		{F147FDCA-5AA8-4758-BAAA-B397BF603DDC}.Release|Win32.Build.0 = Release|Win32
		{DD26DBA6-5697-468F-80FA-9E8C56BC3E6B}.Debug|Win32.ActiveCfg = Debug|Win32
		{DD26DBA6-5697-468F-80FA-9E8C56BC3E6B}.Debug|Win32.Build.0 = Debug|Win32
		{DD26DBA6-5697-468F-80FA-9E8C56BC3E6B}.Release|Win32.ActiveCfg = Release|Win32
		{DD26DBA6-5697-468F-80FA-9E8C56BC3E6B}.Release|Win32.Build.0 = Release|Win32
		{7BEC8EBE-EC38-4B90-A0F2-0BC5A638924F}.Debug|Win32.ActiveCfg = Debug|Win32
		{7BEC8EBE-EC38-4B90-A0F2-0BC5A638924F}.Debug|Win32.Build.0 = Debug|Win32
		{7BEC8EBE-EC38-4B90-A0F2-0BC5A638924F}.Release|Win32.ActiveCfg = Release|Win32
		{7BEC8EBE-EC38-4B90-A0F2-0BC5A638924F}.Release|Win32.Build.0 = Release|Win32
		{6D8F5A08-4D47-4219-8954-3C2D7AE709FD}.Debug|Win32.ActiveCfg = Debug|Win32
		{6D8F5A08-4D47-4219-8954-3C2D7AE709FD}.Debug|Win32.Build.0 = Debug|Win32
		{6D8F5A08-4D47-4219-8954-3C2D7AE709FD}.Release|Win32.ActiveCfg = Release|Win32
		{6D8F5A08-4D47-4219-8954-3C2D7AE709FD}.Release|Win32.Build.0 = Release|Win32
		{0EC6695C-4178-4FC9-9A0C-F82805D16E23}.Debug|Win32.ActiveCfg = Debug|Win32
		{0EC6695C-4178-4FC9-9A0C-F82805D16E23}.Debug|Win32.Build.0 = Debug|Win32
		{0EC6695C-4178-4FC9-9A0C-F82805D16E23}.Release|Win32.ActiveCfg = Release|Win32
		{0EC6695C-4178-4FC9-9A0C-F82805D16E23}.Release|Win32.Build.0 = Release|Win32
		{59EC1EF2-C689-45B8-A34A-84A8E6080876}.Debug|Win32.ActiveCfg = Debug|Win32
		{59EC1EF2-C689-45B8-A34A-84A8E6080876}.Debug|Win32.Build.0 = Debug|Win32
		{59EC1EF2-C689-45B8-A34A-84A8E6080876}.Release|Win32.ActiveCfg = Release|Win32
		{59EC1EF2-C689-45B8-A34A-84A8E6080876}.Release|Win32.Build.0 = Release|Win32
		{D98357B7-205A-440D-AC0D-F96A49C9185F}.Debug|Win32.ActiveCfg = Debug|Win32
		{D98357B7-205A-440D-AC0D-F96A49C9185F}.Debug|Win32.Build.0 = Debug|Win32
		{D98357B7-205A-440D-AC0D-F96A49C9185F}.Release|Win32.ActiveCfg = Release|Win32
		{D98357B7-205A-440D-AC0D-F96A49C9185F}.Release|Win32.Build.0 = Release|Win32
		{A860E685-B9DF-4E29-9F8C-516373D9F8CC}.Debug|Win32.ActiveCfg = Debug|Win32
		{A860E685-B9DF-4E29-9F8C-516373D9F8CC}.Debug|Win32.Build.0 = Debug|Win32
		{A860E685-B9DF-4E29-9F8C-516373D9F8CC}.Release|Win32.ActiveCfg = Release|Win32
		{A860E685-B9DF-4E29-9F8C-516373D9F8CC}.Release|Win32.Build.0 = Release|Win32
		{B1850A30-6E56-45EC-A3F5-DB157199F4C7}.Debug|Win32.ActiveCfg = Debug|Win32
		{B1850A30-6E56-45EC-A3F5-DB157199F4C7}.Debug|Win32.Build.0 = Debug|Win32
		{B1850A30-6E56-45EC-A3F5-DB157199F4C7}.Release|Win32.ActiveCfg = Release|Win32
		{B1850A30-6E56-45EC-A3F5-DB157199F4C7}.Release|Win32.Build.0 = Release|Win32
		{ACF23B90-E703-4B71-9021-9E93B8EC55C2}.Debug|Win32.ActiveCfg = Debug|Win32
		{ACF23B90-E703-4B71-9021-9E93B8EC55C2}.Debug|Win32.Build.0 = Debug|Win32
		{ACF23B90-E703-4B71-9021-9E93B8EC55C2}.Release|Win32.ActiveCfg = Release|Win32
		{ACF23B90-E703-4B71-9021-9E93B8EC55C2}.Release|Win32.Build.0 = Release|Win32
		{10D90A12-67AC-4094-9AD9-F0194504746B}.Debug|Win32.ActiveCfg = Debug|Win32
		{10D90A12-67AC-4094-9AD9-F0194504746B}.Debug|Win32.Build.0 = Debug|Win32
		{10D90A12-67AC-4094-9AD9-F0194504746B}.Release|Win32.ActiveCfg = Release|Win32
		{10D90A12-67AC-4094-9AD9-F0194504746B}.Release|Win32.Build.0 = Release|Win32
		{BC453295-CC84-49CF-8F85-0A2AB228FD49}.Debug|Win32.ActiveCfg = Debug|Win32
		{BC453295-CC84-49CF-8F85-0A2AB228FD49}.Debug|Win32.Build.0 = Debug|Win32
		{BC453295-CC84-49CF-8F85-0A2AB228FD49}.Release|Win32.ActiveCfg = Release|Win32
		{BC453295-CC84-49CF-8F85-0A2AB228FD49}.Release|Win32.Build.0 = Release|Win32
		{ED4D2905-4CF3-4BBF-9F97-8557927B7E06}.Debug|Win32.ActiveCfg = Debug|Win32
		{ED4D2905-4CF3-4BBF-9F97-8557927B7E06}.Debug|Win32.Build.0 = Debug|Win32
		{ED4D2905-4CF3-4BBF-9F97-8557927B7E06}.Release|Win32.ActiveCfg = Release|Win32
		{ED4D2905-4CF3-4BBF-9F97-8557927B7E06}.Release|Win32.Build.0 = Release|Win32
	EndGlobalSection
	GlobalSection(SolutionProperties) = preSolution
		HideSolutionNode = FALSE
	EndGlobalSection
	GlobalSection(NestedProjects) = preSolution
		{73A85A6B-9A96-4779-B9FC-98772F989476} = {8AC8D1A4-3009-479E-93F8-6ABE7D32BF18}
		{D98357B7-205A-440D-AC0D-F96A49C9185F} = {8AC8D1A4-3009-479E-93F8-6ABE7D32BF18}
		{A860E685-B9DF-4E29-9F8C-516373D9F8CC} = {8AC8D1A4-3009-479E-93F8-6ABE7D32BF18}
		{B1850A30-6E56-45EC-A3F5-DB157199F4C7} = {8AC8D1A4-3009-479E-93F8-6ABE7D32BF18}
		{ACF23B90-E703-4B71-9021-9E93B8EC55C2} = {8AC8D1A4-3009-479E-93F8-6ABE7D32BF18}
		{10D90A12-67AC-4094-9AD9-F0194504746B} = {8AC8D1A4-3009-479E-93F8-6ABE7D32BF18}
		{BC453295-CC84-49CF-8F85-0A2AB228FD49} = {8AC8D1A4-3009-479E-93F8-6ABE7D32BF18}
		{ED4D2905-4CF3-4BBF-9F97-8557927B7E06} = {8AC8D1A4-3009-479E-93F8-6ABE7D32BF18}
		{F147FDCA-5AA8-4758-BAAA-B397BF603DDC} = {73A85A6B-9A96-4779-B9FC-98772F989476}
		{7BEC8EBE-EC38-4B90-A0F2-0BC5A638924F} = {73A85A6B-9A96-4779-B9FC-98772F989476}
		{6D8F5A08-4D47-4219-8954-3C2D7AE709FD} = {73A85A6B-9A96-4779-B9FC-98772F989476}
		{0EC6695C-4178-4FC9-9A0C-F82805D16E23} = {73A85A6B-9A96-4779-B9FC-98772F989476}
		{59EC1EF2-C689-45B8-A34A-84A8E6080876} = {73A85A6B-9A96-4779-B9FC-98772F989476}
		{82878C9B-FFEC-43B9-A9FD-AB0D46585101} = {73A85A6B-9A96-4779-B9FC-98772F989476}
	EndGlobalSection
EndGlobal
